
Microsoft Visual Studio Solution File, Format Version 12.00
# Visual Studio Version 17
VisualStudioVersion = 17.14.36327.8
MinimumVisualStudioVersion = 10.0.40219.1
Project("{2150E333-8FDC-42A3-9474-1A3956D46DE8}") = "src", "src", "{02EA681E-C7D8-13C7-8484-4AC65E1B71E8}"
EndProject
Project("{2150E333-8FDC-42A3-9474-1A3956D46DE8}") = "tests", "tests", "{2E465C33-DE8C-4CE4-853F-1C68F46F7762}"
EndProject
Project("{FAE04EC0-301F-11D3-BF4B-00C04F79EFBC}") = "Wokiwoki.Domain", "src\Wokiwoki.Domain\Wokiwoki.Domain.csproj", "{F36CEE66-1342-77A3-FAAB-7276CE756586}"
EndProject
Project("{FAE04EC0-301F-11D3-BF4B-00C04F79EFBC}") = "Wokiwoki.Application", "src\Wokiwoki.Application\Wokiwoki.Application.csproj", "{C50BE4BF-6576-D68F-E55B-3C2EACD0B74E}"
EndProject
Project("{FAE04EC0-301F-11D3-BF4B-00C04F79EFBC}") = "Wokiwoki.Infrastructure", "src\Wokiwoki.Infrastructure\Wokiwoki.Infrastructure.csproj", "{39D63FBE-BF71-14B7-E04F-3673A6B6718F}"
EndProject
Project("{FAE04EC0-301F-11D3-BF4B-00C04F79EFBC}") = "Wokiwoki.Api", "src\Wokiwoki.Api\Wokiwoki.Api.csproj", "{18A4F8C1-2B54-F1BC-F4F2-896DE60876E6}"
EndProject
Project("{FAE04EC0-301F-11D3-BF4B-00C04F79EFBC}") = "Wokiwoki.Application.Tests", "tests\Wokiwoki.Application.Tests\Wokiwoki.Application.Tests.csproj", "{6FF68686-24F0-02F3-A437-4D4DD41030EE}"
EndProject
Project("{FAE04EC0-301F-11D3-BF4B-00C04F79EFBC}") = "Wokiwoki.Infrastructure.Tests", "Wokiwoki.Infrastructure.Tests\Wokiwoki.Infrastructure.Tests.csproj", "{4C5A26EC-714F-43BE-B714-36650BEDCAF3}"
EndProject
Global
	GlobalSection(SolutionConfigurationPlatforms) = preSolution
		Debug|Any CPU = Debug|Any CPU
		Release|Any CPU = Release|Any CPU
	EndGlobalSection
	GlobalSection(ProjectConfigurationPlatforms) = postSolution
		{F36CEE66-1342-77A3-FAAB-7276CE756586}.Debug|Any CPU.ActiveCfg = Debug|Any CPU
		{F36CEE66-1342-77A3-FAAB-7276CE756586}.Debug|Any CPU.Build.0 = Debug|Any CPU
		{F36CEE66-1342-77A3-FAAB-7276CE756586}.Release|Any CPU.ActiveCfg = Release|Any CPU
		{F36CEE66-1342-77A3-FAAB-7276CE756586}.Release|Any CPU.Build.0 = Release|Any CPU
		{C50BE4BF-6576-D68F-E55B-3C2EACD0B74E}.Debug|Any CPU.ActiveCfg = Debug|Any CPU
		{C50BE4BF-6576-D68F-E55B-3C2EACD0B74E}.Debug|Any CPU.Build.0 = Debug|Any CPU
		{C50BE4BF-6576-D68F-E55B-3C2EACD0B74E}.Release|Any CPU.ActiveCfg = Release|Any CPU
		{C50BE4BF-6576-D68F-E55B-3C2EACD0B74E}.Release|Any CPU.Build.0 = Release|Any CPU
		{39D63FBE-BF71-14B7-E04F-3673A6B6718F}.Debug|Any CPU.ActiveCfg = Debug|Any CPU
		{39D63FBE-BF71-14B7-E04F-3673A6B6718F}.Debug|Any CPU.Build.0 = Debug|Any CPU
		{39D63FBE-BF71-14B7-E04F-3673A6B6718F}.Release|Any CPU.ActiveCfg = Release|Any CPU
		{39D63FBE-BF71-14B7-E04F-3673A6B6718F}.Release|Any CPU.Build.0 = Release|Any CPU
		{18A4F8C1-2B54-F1BC-F4F2-896DE60876E6}.Debug|Any CPU.ActiveCfg = Debug|Any CPU
		{18A4F8C1-2B54-F1BC-F4F2-896DE60876E6}.Debug|Any CPU.Build.0 = Debug|Any CPU
		{18A4F8C1-2B54-F1BC-F4F2-896DE60876E6}.Release|Any CPU.ActiveCfg = Release|Any CPU
		{18A4F8C1-2B54-F1BC-F4F2-896DE60876E6}.Release|Any CPU.Build.0 = Release|Any CPU
		{6FF68686-24F0-02F3-A437-4D4DD41030EE}.Debug|Any CPU.ActiveCfg = Debug|Any CPU
		{6FF68686-24F0-02F3-A437-4D4DD41030EE}.Debug|Any CPU.Build.0 = Debug|Any CPU
		{6FF68686-24F0-02F3-A437-4D4DD41030EE}.Release|Any CPU.ActiveCfg = Release|Any CPU
		{6FF68686-24F0-02F3-A437-4D4DD41030EE}.Release|Any CPU.Build.0 = Release|Any CPU
		{4C5A26EC-714F-43BE-B714-36650BEDCAF3}.Debug|Any CPU.ActiveCfg = Debug|Any CPU
		{4C5A26EC-714F-43BE-B714-36650BEDCAF3}.Debug|Any CPU.Build.0 = Debug|Any CPU
		{4C5A26EC-714F-43BE-B714-36650BEDCAF3}.Release|Any CPU.ActiveCfg = Release|Any CPU
		{4C5A26EC-714F-43BE-B714-36650BEDCAF3}.Release|Any CPU.Build.0 = Release|Any CPU
	EndGlobalSection
	GlobalSection(SolutionProperties) = preSolution
		HideSolutionNode = FALSE
	EndGlobalSection
	GlobalSection(NestedProjects) = preSolution
		{F36CEE66-1342-77A3-FAAB-7276CE756586} = {02EA681E-C7D8-13C7-8484-4AC65E1B71E8}
		{C50BE4BF-6576-D68F-E55B-3C2EACD0B74E} = {02EA681E-C7D8-13C7-8484-4AC65E1B71E8}
		{39D63FBE-BF71-14B7-E04F-3673A6B6718F} = {02EA681E-C7D8-13C7-8484-4AC65E1B71E8}
		{18A4F8C1-2B54-F1BC-F4F2-896DE60876E6} = {02EA681E-C7D8-13C7-8484-4AC65E1B71E8}
		{6FF68686-24F0-02F3-A437-4D4DD41030EE} = {2E465C33-DE8C-4CE4-853F-1C68F46F7762}
		{4C5A26EC-714F-43BE-B714-36650BEDCAF3} = {2E465C33-DE8C-4CE4-853F-1C68F46F7762}
	EndGlobalSection
	GlobalSection(ExtensibilityGlobals) = postSolution
		SolutionGuid = {8982D7FA-61C0-4A99-AE92-F16C5A5777C8}
	EndGlobalSection
EndGlobal
